
Microsoft Visual Studio Solution File, Format Version 12.00
# Visual Studio Version 16
VisualStudioVersion = 16.0.30523.141
MinimumVisualStudioVersion = 10.0.40219.1
Project("{FAE04EC0-301F-11D3-BF4B-00C04F79EFBC}") = "Lab 3", "Lab 3.csproj", "{7D00D082-E77B-48AE-82AB-5720D6012A66}"
EndProject
Project("{FAE04EC0-301F-11D3-BF4B-00C04F79EFBC}") = "Lab 3 pct", "..\Lab 3 pct\Lab 3 pct.csproj", "{98FD3CBF-A00B-42FB-B6D5-4B626B1E696C}"
EndProject
Global
	GlobalSection(SolutionConfigurationPlatforms) = preSolution
		Debug|Any CPU = Debug|Any CPU
		Release|Any CPU = Release|Any CPU
	EndGlobalSection
	GlobalSection(ProjectConfigurationPlatforms) = postSolution
		{7D00D082-E77B-48AE-82AB-5720D6012A66}.Debug|Any CPU.ActiveCfg = Debug|Any CPU
		{7D00D082-E77B-48AE-82AB-5720D6012A66}.Debug|Any CPU.Build.0 = Debug|Any CPU
		{7D00D082-E77B-48AE-82AB-5720D6012A66}.Release|Any CPU.ActiveCfg = Release|Any CPU
		{7D00D082-E77B-48AE-82AB-5720D6012A66}.Release|Any CPU.Build.0 = Release|Any CPU
		{98FD3CBF-A00B-42FB-B6D5-4B626B1E696C}.Debug|Any CPU.ActiveCfg = Debug|Any CPU
		{98FD3CBF-A00B-42FB-B6D5-4B626B1E696C}.Debug|Any CPU.Build.0 = Debug|Any CPU
		{98FD3CBF-A00B-42FB-B6D5-4B626B1E696C}.Release|Any CPU.ActiveCfg = Release|Any CPU
		{98FD3CBF-A00B-42FB-B6D5-4B626B1E696C}.Release|Any CPU.Build.0 = Release|Any CPU
	EndGlobalSection
	GlobalSection(SolutionProperties) = preSolution
		HideSolutionNode = FALSE
	EndGlobalSection
	GlobalSection(ExtensibilityGlobals) = postSolution
		SolutionGuid = {6505F211-1C76-4C0E-9446-FC6FAE6E439D}
	EndGlobalSection
EndGlobal
