
Microsoft Visual Studio Solution File, Format Version 12.00
# Visual Studio Version 16
VisualStudioVersion = 16.0.31205.134
MinimumVisualStudioVersion = 10.0.40219.1
Project("{FAE04EC0-301F-11D3-BF4B-00C04F79EFBC}") = "Examen", "Examen.csproj", "{CDC28D2C-FB6E-4708-9823-0749534BFA0D}"
EndProject
Project("{FAE04EC0-301F-11D3-BF4B-00C04F79EFBC}") = "Prob2", "Prob2\Prob2.csproj", "{6FF86CCF-0C6C-41DB-8A08-8BC63134D77C}"
EndProject
Project("{FAE04EC0-301F-11D3-BF4B-00C04F79EFBC}") = "Prob3", "Prob3\Prob3.csproj", "{9A6F07ED-6D12-4DBE-9B3A-ED3E41F06551}"
EndProject
Global
	GlobalSection(SolutionConfigurationPlatforms) = preSolution
		Debug|Any CPU = Debug|Any CPU
		Release|Any CPU = Release|Any CPU
	EndGlobalSection
	GlobalSection(ProjectConfigurationPlatforms) = postSolution
		{CDC28D2C-FB6E-4708-9823-0749534BFA0D}.Debug|Any CPU.ActiveCfg = Debug|Any CPU
		{CDC28D2C-FB6E-4708-9823-0749534BFA0D}.Debug|Any CPU.Build.0 = Debug|Any CPU
		{CDC28D2C-FB6E-4708-9823-0749534BFA0D}.Release|Any CPU.ActiveCfg = Release|Any CPU
		{CDC28D2C-FB6E-4708-9823-0749534BFA0D}.Release|Any CPU.Build.0 = Release|Any CPU
		{6FF86CCF-0C6C-41DB-8A08-8BC63134D77C}.Debug|Any CPU.ActiveCfg = Debug|Any CPU
		{6FF86CCF-0C6C-41DB-8A08-8BC63134D77C}.Debug|Any CPU.Build.0 = Debug|Any CPU
		{6FF86CCF-0C6C-41DB-8A08-8BC63134D77C}.Release|Any CPU.ActiveCfg = Release|Any CPU
		{6FF86CCF-0C6C-41DB-8A08-8BC63134D77C}.Release|Any CPU.Build.0 = Release|Any CPU
		{9A6F07ED-6D12-4DBE-9B3A-ED3E41F06551}.Debug|Any CPU.ActiveCfg = Debug|Any CPU
		{9A6F07ED-6D12-4DBE-9B3A-ED3E41F06551}.Debug|Any CPU.Build.0 = Debug|Any CPU
		{9A6F07ED-6D12-4DBE-9B3A-ED3E41F06551}.Release|Any CPU.ActiveCfg = Release|Any CPU
		{9A6F07ED-6D12-4DBE-9B3A-ED3E41F06551}.Release|Any CPU.Build.0 = Release|Any CPU
	EndGlobalSection
	GlobalSection(SolutionProperties) = preSolution
		HideSolutionNode = FALSE
	EndGlobalSection
	GlobalSection(ExtensibilityGlobals) = postSolution
		SolutionGuid = {DF315D17-83BD-43D8-A27F-0DC30E7470DA}
	EndGlobalSection
EndGlobal
