
Microsoft Visual Studio Solution File, Format Version 12.00
# Visual Studio Version 16
VisualStudioVersion = 16.0.30523.141
MinimumVisualStudioVersion = 10.0.40219.1
Project("{FAE04EC0-301F-11D3-BF4B-00C04F79EFBC}") = "ParcialisraFormsTanulas", "ParcialisraFormsTanulas.csproj", "{1AA376D9-BA6F-4E98-973A-639ED6193B00}"
EndProject
Global
	GlobalSection(SolutionConfigurationPlatforms) = preSolution
		Debug|Any CPU = Debug|Any CPU
		Release|Any CPU = Release|Any CPU
	EndGlobalSection
	GlobalSection(ProjectConfigurationPlatforms) = postSolution
		{1AA376D9-BA6F-4E98-973A-639ED6193B00}.Debug|Any CPU.ActiveCfg = Debug|Any CPU
		{1AA376D9-BA6F-4E98-973A-639ED6193B00}.Debug|Any CPU.Build.0 = Debug|Any CPU
		{1AA376D9-BA6F-4E98-973A-639ED6193B00}.Release|Any CPU.ActiveCfg = Release|Any CPU
		{1AA376D9-BA6F-4E98-973A-639ED6193B00}.Release|Any CPU.Build.0 = Release|Any CPU
	EndGlobalSection
	GlobalSection(SolutionProperties) = preSolution
		HideSolutionNode = FALSE
	EndGlobalSection
	GlobalSection(ExtensibilityGlobals) = postSolution
		SolutionGuid = {461A6402-C7C5-4B47-8A95-1F29A4FE9519}
	EndGlobalSection
EndGlobal
