
Microsoft Visual Studio Solution File, Format Version 12.00
# Visual Studio Version 16
VisualStudioVersion = 16.0.30523.141
MinimumVisualStudioVersion = 10.0.40219.1
Project("{FAE04EC0-301F-11D3-BF4B-00C04F79EFBC}") = "Curs1", "Curs1.csproj", "{CBB04F5C-1628-492D-BBCA-88802E51B3FC}"
EndProject
Global
	GlobalSection(SolutionConfigurationPlatforms) = preSolution
		Debug|Any CPU = Debug|Any CPU
		Release|Any CPU = Release|Any CPU
	EndGlobalSection
	GlobalSection(ProjectConfigurationPlatforms) = postSolution
		{CBB04F5C-1628-492D-BBCA-88802E51B3FC}.Debug|Any CPU.ActiveCfg = Debug|Any CPU
		{CBB04F5C-1628-492D-BBCA-88802E51B3FC}.Debug|Any CPU.Build.0 = Debug|Any CPU
		{CBB04F5C-1628-492D-BBCA-88802E51B3FC}.Release|Any CPU.ActiveCfg = Release|Any CPU
		{CBB04F5C-1628-492D-BBCA-88802E51B3FC}.Release|Any CPU.Build.0 = Release|Any CPU
	EndGlobalSection
	GlobalSection(SolutionProperties) = preSolution
		HideSolutionNode = FALSE
	EndGlobalSection
	GlobalSection(ExtensibilityGlobals) = postSolution
		SolutionGuid = {9A23BDC4-02C4-4395-9CD5-3C046203BA97}
	EndGlobalSection
EndGlobal
